// !$*UTF8*$!
{
	archiveVersion = 1;
	classes = {
	};
	objectVersion = 50;
	objects = {

/* Begin PBXBuildFile section */
		7E0B116D22D19DC40050CD9A /* Bundle+Extensions.swift in Sources */ = {isa = PBXBuildFile; fileRef = 7E0B116C22D19DC40050CD9A /* Bundle+Extensions.swift */; };
		7E271EF222D790630048AF71 /* childList.json in Resources */ = {isa = PBXBuildFile; fileRef = 7E271EF122D790630048AF71 /* childList.json */; };
		7E839A4422D0BEC50027FE1F /* JJDemoViewController.swift in Sources */ = {isa = PBXBuildFile; fileRef = 7E839A4322D0BEC50027FE1F /* JJDemoViewController.swift */; };
		7E839A4622D0D3040027FE1F /* UIbarButtonItem+Extension.swift in Sources */ = {isa = PBXBuildFile; fileRef = 7E839A4522D0D3040027FE1F /* UIbarButtonItem+Extension.swift */; };
		7E839A4822D1028E0027FE1F /* SecondNavgationBar.swift in Sources */ = {isa = PBXBuildFile; fileRef = 7E839A4722D1028E0027FE1F /* SecondNavgationBar.swift */; };
		7EA5B71522D04AE200DDDFD0 /* AppDelegate.swift in Sources */ = {isa = PBXBuildFile; fileRef = 7EA5B71422D04AE200DDDFD0 /* AppDelegate.swift */; };
		7EA5B71C22D04AE200DDDFD0 /* Assets.xcassets in Resources */ = {isa = PBXBuildFile; fileRef = 7EA5B71B22D04AE200DDDFD0 /* Assets.xcassets */; };
		7EA5B71F22D04AE200DDDFD0 /* LaunchScreen.storyboard in Resources */ = {isa = PBXBuildFile; fileRef = 7EA5B71D22D04AE200DDDFD0 /* LaunchScreen.storyboard */; };
		7EA5B73C22D07BE400DDDFD0 /* JJMainViewController.swift in Sources */ = {isa = PBXBuildFile; fileRef = 7EA5B73B22D07BE400DDDFD0 /* JJMainViewController.swift */; };
		7EA5B73E22D07C2D00DDDFD0 /* JJNavigationController.swift in Sources */ = {isa = PBXBuildFile; fileRef = 7EA5B73D22D07C2D00DDDFD0 /* JJNavigationController.swift */; };
		7EA5B74022D07C4800DDDFD0 /* JJBaseViewController.swift in Sources */ = {isa = PBXBuildFile; fileRef = 7EA5B73F22D07C4800DDDFD0 /* JJBaseViewController.swift */; };
		7EA5B74222D07C7400DDDFD0 /* JJHomeViewController.swift in Sources */ = {isa = PBXBuildFile; fileRef = 7EA5B74122D07C7400DDDFD0 /* JJHomeViewController.swift */; };
		7EA5B74422D07C9500DDDFD0 /* JJDiscoverViewController.swift in Sources */ = {isa = PBXBuildFile; fileRef = 7EA5B74322D07C9500DDDFD0 /* JJDiscoverViewController.swift */; };
		7EA5B74622D07CA900DDDFD0 /* JJFriendsViewController.swift in Sources */ = {isa = PBXBuildFile; fileRef = 7EA5B74522D07CA900DDDFD0 /* JJFriendsViewController.swift */; };
		7EA5B74822D07CB500DDDFD0 /* JJProfileViewController.swift in Sources */ = {isa = PBXBuildFile; fileRef = 7EA5B74722D07CB500DDDFD0 /* JJProfileViewController.swift */; };
		7EA5B76322D09C3400DDDFD0 /* UIColor+CZAddition.m in Sources */ = {isa = PBXBuildFile; fileRef = 7EA5B74A22D09C3400DDDFD0 /* UIColor+CZAddition.m */; };
		7EA5B76422D09C3400DDDFD0 /* UIView+CZAddition.m in Sources */ = {isa = PBXBuildFile; fileRef = 7EA5B74B22D09C3400DDDFD0 /* UIView+CZAddition.m */; };
		7EA5B76522D09C3400DDDFD0 /* UIScreen+CZAddition.m in Sources */ = {isa = PBXBuildFile; fileRef = 7EA5B74E22D09C3400DDDFD0 /* UIScreen+CZAddition.m */; };
		7EA5B76622D09C3400DDDFD0 /* UILabel+CZAddition.m in Sources */ = {isa = PBXBuildFile; fileRef = 7EA5B75022D09C3400DDDFD0 /* UILabel+CZAddition.m */; };
		7EA5B76722D09C3400DDDFD0 /* NSString+CZBase64.m in Sources */ = {isa = PBXBuildFile; fileRef = 7EA5B75222D09C3400DDDFD0 /* NSString+CZBase64.m */; };
		7EA5B76822D09C3400DDDFD0 /* NSString+CZPath.m in Sources */ = {isa = PBXBuildFile; fileRef = 7EA5B75322D09C3400DDDFD0 /* NSString+CZPath.m */; };
		7EA5B76922D09C3400DDDFD0 /* UIButton+CZAddition.m in Sources */ = {isa = PBXBuildFile; fileRef = 7EA5B75622D09C3400DDDFD0 /* UIButton+CZAddition.m */; };
		7EA5B76A22D09C3400DDDFD0 /* NSObject+CZRuntime.m in Sources */ = {isa = PBXBuildFile; fileRef = 7EA5B75922D09C3400DDDFD0 /* NSObject+CZRuntime.m */; };
		7EA5B76B22D09C3400DDDFD0 /* UIViewController+CZAddition.m in Sources */ = {isa = PBXBuildFile; fileRef = 7EA5B75C22D09C3400DDDFD0 /* UIViewController+CZAddition.m */; };
		7EA5B76C22D09C3400DDDFD0 /* NSString+CZHash.m in Sources */ = {isa = PBXBuildFile; fileRef = 7EA5B75D22D09C3400DDDFD0 /* NSString+CZHash.m */; };
		7EA5B76D22D09C3400DDDFD0 /* NSAttributedString+CZAdditon.m in Sources */ = {isa = PBXBuildFile; fileRef = 7EA5B76022D09C3400DDDFD0 /* NSAttributedString+CZAdditon.m */; };
		7EA5B76E22D09C3400DDDFD0 /* NSArray+Log.m in Sources */ = {isa = PBXBuildFile; fileRef = 7EA5B76122D09C3400DDDFD0 /* NSArray+Log.m */; };
		7EC884D822D645710035ACF5 /* JJVisitorView.swift in Sources */ = {isa = PBXBuildFile; fileRef = 7EC884D722D645710035ACF5 /* JJVisitorView.swift */; };
/* End PBXBuildFile section */

/* Begin PBXFileReference section */
		7E0B116C22D19DC40050CD9A /* Bundle+Extensions.swift */ = {isa = PBXFileReference; lastKnownFileType = sourcecode.swift; path = "Bundle+Extensions.swift"; sourceTree = "<group>"; };
		7E271EF122D790630048AF71 /* childList.json */ = {isa = PBXFileReference; fileEncoding = 4; lastKnownFileType = text.json; name = childList.json; path = ../../../childList.json; sourceTree = "<group>"; };
		7E839A4322D0BEC50027FE1F /* JJDemoViewController.swift */ = {isa = PBXFileReference; lastKnownFileType = sourcecode.swift; path = JJDemoViewController.swift; sourceTree = "<group>"; };
		7E839A4522D0D3040027FE1F /* UIbarButtonItem+Extension.swift */ = {isa = PBXFileReference; lastKnownFileType = sourcecode.swift; path = "UIbarButtonItem+Extension.swift"; sourceTree = "<group>"; };
		7E839A4722D1028E0027FE1F /* SecondNavgationBar.swift */ = {isa = PBXFileReference; lastKnownFileType = sourcecode.swift; path = SecondNavgationBar.swift; sourceTree = "<group>"; };
		7EA5B71122D04AE200DDDFD0 /* JJSinaWeibo.app */ = {isa = PBXFileReference; explicitFileType = wrapper.application; includeInIndex = 0; path = JJSinaWeibo.app; sourceTree = BUILT_PRODUCTS_DIR; };
		7EA5B71422D04AE200DDDFD0 /* AppDelegate.swift */ = {isa = PBXFileReference; lastKnownFileType = sourcecode.swift; path = AppDelegate.swift; sourceTree = "<group>"; };
		7EA5B71B22D04AE200DDDFD0 /* Assets.xcassets */ = {isa = PBXFileReference; lastKnownFileType = folder.assetcatalog; path = Assets.xcassets; sourceTree = "<group>"; };
		7EA5B71E22D04AE200DDDFD0 /* Base */ = {isa = PBXFileReference; lastKnownFileType = file.storyboard; name = Base; path = Base.lproj/LaunchScreen.storyboard; sourceTree = "<group>"; };
		7EA5B72022D04AE200DDDFD0 /* Info.plist */ = {isa = PBXFileReference; lastKnownFileType = text.plist.xml; path = Info.plist; sourceTree = "<group>"; };
		7EA5B73B22D07BE400DDDFD0 /* JJMainViewController.swift */ = {isa = PBXFileReference; lastKnownFileType = sourcecode.swift; path = JJMainViewController.swift; sourceTree = "<group>"; };
		7EA5B73D22D07C2D00DDDFD0 /* JJNavigationController.swift */ = {isa = PBXFileReference; lastKnownFileType = sourcecode.swift; path = JJNavigationController.swift; sourceTree = "<group>"; };
		7EA5B73F22D07C4800DDDFD0 /* JJBaseViewController.swift */ = {isa = PBXFileReference; lastKnownFileType = sourcecode.swift; path = JJBaseViewController.swift; sourceTree = "<group>"; };
		7EA5B74122D07C7400DDDFD0 /* JJHomeViewController.swift */ = {isa = PBXFileReference; lastKnownFileType = sourcecode.swift; path = JJHomeViewController.swift; sourceTree = "<group>"; };
		7EA5B74322D07C9500DDDFD0 /* JJDiscoverViewController.swift */ = {isa = PBXFileReference; lastKnownFileType = sourcecode.swift; path = JJDiscoverViewController.swift; sourceTree = "<group>"; };
		7EA5B74522D07CA900DDDFD0 /* JJFriendsViewController.swift */ = {isa = PBXFileReference; lastKnownFileType = sourcecode.swift; path = JJFriendsViewController.swift; sourceTree = "<group>"; };
		7EA5B74722D07CB500DDDFD0 /* JJProfileViewController.swift */ = {isa = PBXFileReference; lastKnownFileType = sourcecode.swift; path = JJProfileViewController.swift; sourceTree = "<group>"; };
		7EA5B74A22D09C3400DDDFD0 /* UIColor+CZAddition.m */ = {isa = PBXFileReference; fileEncoding = 4; lastKnownFileType = sourcecode.c.objc; path = "UIColor+CZAddition.m"; sourceTree = "<group>"; };
		7EA5B74B22D09C3400DDDFD0 /* UIView+CZAddition.m */ = {isa = PBXFileReference; fileEncoding = 4; lastKnownFileType = sourcecode.c.objc; path = "UIView+CZAddition.m"; sourceTree = "<group>"; };
		7EA5B74C22D09C3400DDDFD0 /* UIButton+CZAddition.h */ = {isa = PBXFileReference; fileEncoding = 4; lastKnownFileType = sourcecode.c.h; path = "UIButton+CZAddition.h"; sourceTree = "<group>"; };
		7EA5B74D22D09C3400DDDFD0 /* NSString+CZHash.h */ = {isa = PBXFileReference; fileEncoding = 4; lastKnownFileType = sourcecode.c.h; path = "NSString+CZHash.h"; sourceTree = "<group>"; };
		7EA5B74E22D09C3400DDDFD0 /* UIScreen+CZAddition.m */ = {isa = PBXFileReference; fileEncoding = 4; lastKnownFileType = sourcecode.c.objc; path = "UIScreen+CZAddition.m"; sourceTree = "<group>"; };
		7EA5B74F22D09C3400DDDFD0 /* UIViewController+CZAddition.h */ = {isa = PBXFileReference; fileEncoding = 4; lastKnownFileType = sourcecode.c.h; path = "UIViewController+CZAddition.h"; sourceTree = "<group>"; };
		7EA5B75022D09C3400DDDFD0 /* UILabel+CZAddition.m */ = {isa = PBXFileReference; fileEncoding = 4; lastKnownFileType = sourcecode.c.objc; path = "UILabel+CZAddition.m"; sourceTree = "<group>"; };
		7EA5B75122D09C3400DDDFD0 /* NSObject+CZRuntime.h */ = {isa = PBXFileReference; fileEncoding = 4; lastKnownFileType = sourcecode.c.h; path = "NSObject+CZRuntime.h"; sourceTree = "<group>"; };
		7EA5B75222D09C3400DDDFD0 /* NSString+CZBase64.m */ = {isa = PBXFileReference; fileEncoding = 4; lastKnownFileType = sourcecode.c.objc; path = "NSString+CZBase64.m"; sourceTree = "<group>"; };
		7EA5B75322D09C3400DDDFD0 /* NSString+CZPath.m */ = {isa = PBXFileReference; fileEncoding = 4; lastKnownFileType = sourcecode.c.objc; path = "NSString+CZPath.m"; sourceTree = "<group>"; };
		7EA5B75422D09C3400DDDFD0 /* NSArray+Log.h */ = {isa = PBXFileReference; fileEncoding = 4; lastKnownFileType = sourcecode.c.h; path = "NSArray+Log.h"; sourceTree = "<group>"; };
		7EA5B75522D09C3400DDDFD0 /* NSAttributedString+CZAdditon.h */ = {isa = PBXFileReference; fileEncoding = 4; lastKnownFileType = sourcecode.c.h; path = "NSAttributedString+CZAdditon.h"; sourceTree = "<group>"; };
		7EA5B75622D09C3400DDDFD0 /* UIButton+CZAddition.m */ = {isa = PBXFileReference; fileEncoding = 4; lastKnownFileType = sourcecode.c.objc; path = "UIButton+CZAddition.m"; sourceTree = "<group>"; };
		7EA5B75722D09C3400DDDFD0 /* UIView+CZAddition.h */ = {isa = PBXFileReference; fileEncoding = 4; lastKnownFileType = sourcecode.c.h; path = "UIView+CZAddition.h"; sourceTree = "<group>"; };
		7EA5B75822D09C3400DDDFD0 /* UIColor+CZAddition.h */ = {isa = PBXFileReference; fileEncoding = 4; lastKnownFileType = sourcecode.c.h; path = "UIColor+CZAddition.h"; sourceTree = "<group>"; };
		7EA5B75922D09C3400DDDFD0 /* NSObject+CZRuntime.m */ = {isa = PBXFileReference; fileEncoding = 4; lastKnownFileType = sourcecode.c.objc; path = "NSObject+CZRuntime.m"; sourceTree = "<group>"; };
		7EA5B75A22D09C3400DDDFD0 /* UILabel+CZAddition.h */ = {isa = PBXFileReference; fileEncoding = 4; lastKnownFileType = sourcecode.c.h; path = "UILabel+CZAddition.h"; sourceTree = "<group>"; };
		7EA5B75B22D09C3400DDDFD0 /* UIScreen+CZAddition.h */ = {isa = PBXFileReference; fileEncoding = 4; lastKnownFileType = sourcecode.c.h; path = "UIScreen+CZAddition.h"; sourceTree = "<group>"; };
		7EA5B75C22D09C3400DDDFD0 /* UIViewController+CZAddition.m */ = {isa = PBXFileReference; fileEncoding = 4; lastKnownFileType = sourcecode.c.objc; path = "UIViewController+CZAddition.m"; sourceTree = "<group>"; };
		7EA5B75D22D09C3400DDDFD0 /* NSString+CZHash.m */ = {isa = PBXFileReference; fileEncoding = 4; lastKnownFileType = sourcecode.c.objc; path = "NSString+CZHash.m"; sourceTree = "<group>"; };
		7EA5B75E22D09C3400DDDFD0 /* NSString+CZBase64.h */ = {isa = PBXFileReference; fileEncoding = 4; lastKnownFileType = sourcecode.c.h; path = "NSString+CZBase64.h"; sourceTree = "<group>"; };
		7EA5B75F22D09C3400DDDFD0 /* CZAdditions.h */ = {isa = PBXFileReference; fileEncoding = 4; lastKnownFileType = sourcecode.c.h; path = CZAdditions.h; sourceTree = "<group>"; };
		7EA5B76022D09C3400DDDFD0 /* NSAttributedString+CZAdditon.m */ = {isa = PBXFileReference; fileEncoding = 4; lastKnownFileType = sourcecode.c.objc; path = "NSAttributedString+CZAdditon.m"; sourceTree = "<group>"; };
		7EA5B76122D09C3400DDDFD0 /* NSArray+Log.m */ = {isa = PBXFileReference; fileEncoding = 4; lastKnownFileType = sourcecode.c.objc; path = "NSArray+Log.m"; sourceTree = "<group>"; };
		7EA5B76222D09C3400DDDFD0 /* NSString+CZPath.h */ = {isa = PBXFileReference; fileEncoding = 4; lastKnownFileType = sourcecode.c.h; path = "NSString+CZPath.h"; sourceTree = "<group>"; };
		7EA5B77122D09DC500DDDFD0 /* Bridge.h */ = {isa = PBXFileReference; lastKnownFileType = sourcecode.c.h; path = Bridge.h; sourceTree = "<group>"; };
		7EC884D722D645710035ACF5 /* JJVisitorView.swift */ = {isa = PBXFileReference; lastKnownFileType = sourcecode.swift; path = JJVisitorView.swift; sourceTree = "<group>"; };
/* End PBXFileReference section */

/* Begin PBXFrameworksBuildPhase section */
		7EA5B70E22D04AE200DDDFD0 /* Frameworks */ = {
			isa = PBXFrameworksBuildPhase;
			buildActionMask = 2147483647;
			files = (
			);
			runOnlyForDeploymentPostprocessing = 0;
		};
/* End PBXFrameworksBuildPhase section */

/* Begin PBXGroup section */
		7E0B116A22D19D890050CD9A /* Tools */ = {
			isa = PBXGroup;
			children = (
				7E0B116B22D19D9D0050CD9A /* Extensions */,
				7EA5B74922D09C3400DDDFD0 /* Additions */,
			);
			path = Tools;
			sourceTree = "<group>";
		};
		7E0B116B22D19D9D0050CD9A /* Extensions */ = {
			isa = PBXGroup;
			children = (
				7E839A4522D0D3040027FE1F /* UIbarButtonItem+Extension.swift */,
				7E0B116C22D19DC40050CD9A /* Bundle+Extensions.swift */,
			);
			path = Extensions;
			sourceTree = "<group>";
		};
		7EA5B70822D04AE200DDDFD0 = {
			isa = PBXGroup;
			children = (
				7EA5B71322D04AE200DDDFD0 /* JJSinaWeibo */,
				7EA5B71222D04AE200DDDFD0 /* Products */,
			);
			sourceTree = "<group>";
		};
		7EA5B71222D04AE200DDDFD0 /* Products */ = {
			isa = PBXGroup;
			children = (
				7EA5B71122D04AE200DDDFD0 /* JJSinaWeibo.app */,
			);
			name = Products;
			sourceTree = "<group>";
		};
		7EA5B71322D04AE200DDDFD0 /* JJSinaWeibo */ = {
			isa = PBXGroup;
			children = (
				7EA5B73422D07A9600DDDFD0 /* Main */,
				7EA5B73522D07A9D00DDDFD0 /* Home */,
				7EA5B73622D07AAC00DDDFD0 /* Discover */,
				7EA5B73822D07AAC00DDDFD0 /* Friends */,
				7EA5B73722D07AAC00DDDFD0 /* Profile */,
				7EA5B71422D04AE200DDDFD0 /* AppDelegate.swift */,
				7EA5B71B22D04AE200DDDFD0 /* Assets.xcassets */,
				7E271EF122D790630048AF71 /* childList.json */,
				7EA5B71D22D04AE200DDDFD0 /* LaunchScreen.storyboard */,
				7EA5B77122D09DC500DDDFD0 /* Bridge.h */,
				7EA5B72022D04AE200DDDFD0 /* Info.plist */,
				7E0B116A22D19D890050CD9A /* Tools */,
			);
			path = JJSinaWeibo;
			sourceTree = "<group>";
		};
		7EA5B73422D07A9600DDDFD0 /* Main */ = {
			isa = PBXGroup;
			children = (
				7EA5B73B22D07BE400DDDFD0 /* JJMainViewController.swift */,
				7EA5B73D22D07C2D00DDDFD0 /* JJNavigationController.swift */,
				7EA5B73F22D07C4800DDDFD0 /* JJBaseViewController.swift */,
				7E839A4722D1028E0027FE1F /* SecondNavgationBar.swift */,
				7E839A4322D0BEC50027FE1F /* JJDemoViewController.swift */,
				7EC884D722D645710035ACF5 /* JJVisitorView.swift */,
			);
			path = Main;
			sourceTree = "<group>";
		};
		7EA5B73522D07A9D00DDDFD0 /* Home */ = {
			isa = PBXGroup;
			children = (
				7EA5B74122D07C7400DDDFD0 /* JJHomeViewController.swift */,
			);
			path = Home;
			sourceTree = "<group>";
		};
		7EA5B73622D07AAC00DDDFD0 /* Discover */ = {
			isa = PBXGroup;
			children = (
				7EA5B74322D07C9500DDDFD0 /* JJDiscoverViewController.swift */,
			);
			path = Discover;
			sourceTree = "<group>";
		};
		7EA5B73722D07AAC00DDDFD0 /* Profile */ = {
			isa = PBXGroup;
			children = (
				7EA5B74722D07CB500DDDFD0 /* JJProfileViewController.swift */,
			);
			path = Profile;
			sourceTree = "<group>";
		};
		7EA5B73822D07AAC00DDDFD0 /* Friends */ = {
			isa = PBXGroup;
			children = (
				7EA5B74522D07CA900DDDFD0 /* JJFriendsViewController.swift */,
			);
			path = Friends;
			sourceTree = "<group>";
		};
		7EA5B74922D09C3400DDDFD0 /* Additions */ = {
			isa = PBXGroup;
			children = (
				7EA5B74A22D09C3400DDDFD0 /* UIColor+CZAddition.m */,
				7EA5B74B22D09C3400DDDFD0 /* UIView+CZAddition.m */,
				7EA5B74C22D09C3400DDDFD0 /* UIButton+CZAddition.h */,
				7EA5B74D22D09C3400DDDFD0 /* NSString+CZHash.h */,
				7EA5B74E22D09C3400DDDFD0 /* UIScreen+CZAddition.m */,
				7EA5B74F22D09C3400DDDFD0 /* UIViewController+CZAddition.h */,
				7EA5B75022D09C3400DDDFD0 /* UILabel+CZAddition.m */,
				7EA5B75122D09C3400DDDFD0 /* NSObject+CZRuntime.h */,
				7EA5B75222D09C3400DDDFD0 /* NSString+CZBase64.m */,
				7EA5B75322D09C3400DDDFD0 /* NSString+CZPath.m */,
				7EA5B75422D09C3400DDDFD0 /* NSArray+Log.h */,
				7EA5B75522D09C3400DDDFD0 /* NSAttributedString+CZAdditon.h */,
				7EA5B75622D09C3400DDDFD0 /* UIButton+CZAddition.m */,
				7EA5B75722D09C3400DDDFD0 /* UIView+CZAddition.h */,
				7EA5B75822D09C3400DDDFD0 /* UIColor+CZAddition.h */,
				7EA5B75922D09C3400DDDFD0 /* NSObject+CZRuntime.m */,
				7EA5B75A22D09C3400DDDFD0 /* UILabel+CZAddition.h */,
				7EA5B75B22D09C3400DDDFD0 /* UIScreen+CZAddition.h */,
				7EA5B75C22D09C3400DDDFD0 /* UIViewController+CZAddition.m */,
				7EA5B75D22D09C3400DDDFD0 /* NSString+CZHash.m */,
				7EA5B75E22D09C3400DDDFD0 /* NSString+CZBase64.h */,
				7EA5B75F22D09C3400DDDFD0 /* CZAdditions.h */,
				7EA5B76022D09C3400DDDFD0 /* NSAttributedString+CZAdditon.m */,
				7EA5B76122D09C3400DDDFD0 /* NSArray+Log.m */,
				7EA5B76222D09C3400DDDFD0 /* NSString+CZPath.h */,
			);
			path = Additions;
			sourceTree = "<group>";
		};
/* End PBXGroup section */

/* Begin PBXNativeTarget section */
		7EA5B71022D04AE200DDDFD0 /* JJSinaWeibo */ = {
			isa = PBXNativeTarget;
			buildConfigurationList = 7EA5B72322D04AE200DDDFD0 /* Build configuration list for PBXNativeTarget "JJSinaWeibo" */;
			buildPhases = (
				7EA5B70D22D04AE200DDDFD0 /* Sources */,
				7EA5B70E22D04AE200DDDFD0 /* Frameworks */,
				7EA5B70F22D04AE200DDDFD0 /* Resources */,
			);
			buildRules = (
			);
			dependencies = (
			);
			name = JJSinaWeibo;
			productName = JJSinaWeibo;
			productReference = 7EA5B71122D04AE200DDDFD0 /* JJSinaWeibo.app */;
			productType = "com.apple.product-type.application";
		};
/* End PBXNativeTarget section */

/* Begin PBXProject section */
		7EA5B70922D04AE200DDDFD0 /* Project object */ = {
			isa = PBXProject;
			attributes = {
				CLASSPREFIX = JJ;
				LastSwiftUpdateCheck = 1020;
				LastUpgradeCheck = 1020;
				ORGANIZATIONNAME = "金占军";
				TargetAttributes = {
					7EA5B71022D04AE200DDDFD0 = {
						CreatedOnToolsVersion = 10.2.1;
					};
				};
			};
			buildConfigurationList = 7EA5B70C22D04AE200DDDFD0 /* Build configuration list for PBXProject "JJSinaWeibo" */;
			compatibilityVersion = "Xcode 9.3";
			developmentRegion = en;
			hasScannedForEncodings = 0;
			knownRegions = (
				en,
				Base,
			);
			mainGroup = 7EA5B70822D04AE200DDDFD0;
			productRefGroup = 7EA5B71222D04AE200DDDFD0 /* Products */;
			projectDirPath = "";
			projectRoot = "";
			targets = (
				7EA5B71022D04AE200DDDFD0 /* JJSinaWeibo */,
			);
		};
/* End PBXProject section */

/* Begin PBXResourcesBuildPhase section */
		7EA5B70F22D04AE200DDDFD0 /* Resources */ = {
			isa = PBXResourcesBuildPhase;
			buildActionMask = 2147483647;
			files = (
				7EA5B71F22D04AE200DDDFD0 /* LaunchScreen.storyboard in Resources */,
				7E271EF222D790630048AF71 /* childList.json in Resources */,
				7EA5B71C22D04AE200DDDFD0 /* Assets.xcassets in Resources */,
			);
			runOnlyForDeploymentPostprocessing = 0;
		};
/* End PBXResourcesBuildPhase section */

/* Begin PBXSourcesBuildPhase section */
		7EA5B70D22D04AE200DDDFD0 /* Sources */ = {
			isa = PBXSourcesBuildPhase;
			buildActionMask = 2147483647;
			files = (
				7E839A4822D1028E0027FE1F /* SecondNavgationBar.swift in Sources */,
				7E839A4622D0D3040027FE1F /* UIbarButtonItem+Extension.swift in Sources */,
				7EA5B71522D04AE200DDDFD0 /* AppDelegate.swift in Sources */,
				7EA5B76722D09C3400DDDFD0 /* NSString+CZBase64.m in Sources */,
				7EA5B74622D07CA900DDDFD0 /* JJFriendsViewController.swift in Sources */,
				7EA5B76A22D09C3400DDDFD0 /* NSObject+CZRuntime.m in Sources */,
				7EA5B76D22D09C3400DDDFD0 /* NSAttributedString+CZAdditon.m in Sources */,
				7EA5B76E22D09C3400DDDFD0 /* NSArray+Log.m in Sources */,
				7EA5B76522D09C3400DDDFD0 /* UIScreen+CZAddition.m in Sources */,
				7EA5B73E22D07C2D00DDDFD0 /* JJNavigationController.swift in Sources */,
				7EA5B73C22D07BE400DDDFD0 /* JJMainViewController.swift in Sources */,
				7EA5B74822D07CB500DDDFD0 /* JJProfileViewController.swift in Sources */,
				7EA5B76922D09C3400DDDFD0 /* UIButton+CZAddition.m in Sources */,
				7EA5B74422D07C9500DDDFD0 /* JJDiscoverViewController.swift in Sources */,
				7E839A4422D0BEC50027FE1F /* JJDemoViewController.swift in Sources */,
				7EA5B76C22D09C3400DDDFD0 /* NSString+CZHash.m in Sources */,
				7EA5B76B22D09C3400DDDFD0 /* UIViewController+CZAddition.m in Sources */,
				7EA5B74022D07C4800DDDFD0 /* JJBaseViewController.swift in Sources */,
				7EA5B74222D07C7400DDDFD0 /* JJHomeViewController.swift in Sources */,
				7EA5B76622D09C3400DDDFD0 /* UILabel+CZAddition.m in Sources */,
				7EC884D822D645710035ACF5 /* JJVisitorView.swift in Sources */,
				7EA5B76822D09C3400DDDFD0 /* NSString+CZPath.m in Sources */,
				7EA5B76322D09C3400DDDFD0 /* UIColor+CZAddition.m in Sources */,
				7EA5B76422D09C3400DDDFD0 /* UIView+CZAddition.m in Sources */,
				7E0B116D22D19DC40050CD9A /* Bundle+Extensions.swift in Sources */,
			);
			runOnlyForDeploymentPostprocessing = 0;
		};
/* End PBXSourcesBuildPhase section */

/* Begin PBXVariantGroup section */
		7EA5B71D22D04AE200DDDFD0 /* LaunchScreen.storyboard */ = {
			isa = PBXVariantGroup;
			children = (
				7EA5B71E22D04AE200DDDFD0 /* Base */,
			);
			name = LaunchScreen.storyboard;
			sourceTree = "<group>";
		};
/* End PBXVariantGroup section */

/* Begin XCBuildConfiguration section */
		7EA5B72122D04AE200DDDFD0 /* Debug */ = {
			isa = XCBuildConfiguration;
			buildSettings = {
				ALWAYS_SEARCH_USER_PATHS = NO;
				CLANG_ANALYZER_NONNULL = YES;
				CLANG_ANALYZER_NUMBER_OBJECT_CONVERSION = YES_AGGRESSIVE;
				CLANG_CXX_LANGUAGE_STANDARD = "gnu++14";
				CLANG_CXX_LIBRARY = "libc++";
				CLANG_ENABLE_MODULES = YES;
				CLANG_ENABLE_OBJC_ARC = YES;
				CLANG_ENABLE_OBJC_WEAK = YES;
				CLANG_WARN_BLOCK_CAPTURE_AUTORELEASING = YES;
				CLANG_WARN_BOOL_CONVERSION = YES;
				CLANG_WARN_COMMA = YES;
				CLANG_WARN_CONSTANT_CONVERSION = YES;
				CLANG_WARN_DEPRECATED_OBJC_IMPLEMENTATIONS = YES;
				CLANG_WARN_DIRECT_OBJC_ISA_USAGE = YES_ERROR;
				CLANG_WARN_DOCUMENTATION_COMMENTS = YES;
				CLANG_WARN_EMPTY_BODY = YES;
				CLANG_WARN_ENUM_CONVERSION = YES;
				CLANG_WARN_INFINITE_RECURSION = YES;
				CLANG_WARN_INT_CONVERSION = YES;
				CLANG_WARN_NON_LITERAL_NULL_CONVERSION = YES;
				CLANG_WARN_OBJC_IMPLICIT_RETAIN_SELF = YES;
				CLANG_WARN_OBJC_LITERAL_CONVERSION = YES;
				CLANG_WARN_OBJC_ROOT_CLASS = YES_ERROR;
				CLANG_WARN_RANGE_LOOP_ANALYSIS = YES;
				CLANG_WARN_STRICT_PROTOTYPES = YES;
				CLANG_WARN_SUSPICIOUS_MOVE = YES;
				CLANG_WARN_UNGUARDED_AVAILABILITY = YES_AGGRESSIVE;
				CLANG_WARN_UNREACHABLE_CODE = YES;
				CLANG_WARN__DUPLICATE_METHOD_MATCH = YES;
				CODE_SIGN_IDENTITY = "iPhone Developer";
				COPY_PHASE_STRIP = NO;
				DEBUG_INFORMATION_FORMAT = dwarf;
				ENABLE_STRICT_OBJC_MSGSEND = YES;
				ENABLE_TESTABILITY = YES;
				GCC_C_LANGUAGE_STANDARD = gnu11;
				GCC_DYNAMIC_NO_PIC = NO;
				GCC_NO_COMMON_BLOCKS = YES;
				GCC_OPTIMIZATION_LEVEL = 0;
				GCC_PREPROCESSOR_DEFINITIONS = (
					"DEBUG=1",
					"$(inherited)",
				);
				GCC_WARN_64_TO_32_BIT_CONVERSION = YES;
				GCC_WARN_ABOUT_RETURN_TYPE = YES_ERROR;
				GCC_WARN_UNDECLARED_SELECTOR = YES;
				GCC_WARN_UNINITIALIZED_AUTOS = YES_AGGRESSIVE;
				GCC_WARN_UNUSED_FUNCTION = YES;
				GCC_WARN_UNUSED_VARIABLE = YES;
				IPHONEOS_DEPLOYMENT_TARGET = 12.2;
				MTL_ENABLE_DEBUG_INFO = INCLUDE_SOURCE;
				MTL_FAST_MATH = YES;
				ONLY_ACTIVE_ARCH = YES;
				SDKROOT = iphoneos;
				SWIFT_ACTIVE_COMPILATION_CONDITIONS = DEBUG;
				SWIFT_OPTIMIZATION_LEVEL = "-Onone";
			};
			name = Debug;
		};
		7EA5B72222D04AE200DDDFD0 /* Release */ = {
			isa = XCBuildConfiguration;
			buildSettings = {
				ALWAYS_SEARCH_USER_PATHS = NO;
				CLANG_ANALYZER_NONNULL = YES;
				CLANG_ANALYZER_NUMBER_OBJECT_CONVERSION = YES_AGGRESSIVE;
				CLANG_CXX_LANGUAGE_STANDARD = "gnu++14";
				CLANG_CXX_LIBRARY = "libc++";
				CLANG_ENABLE_MODULES = YES;
				CLANG_ENABLE_OBJC_ARC = YES;
				CLANG_ENABLE_OBJC_WEAK = YES;
				CLANG_WARN_BLOCK_CAPTURE_AUTORELEASING = YES;
				CLANG_WARN_BOOL_CONVERSION = YES;
				CLANG_WARN_COMMA = YES;
				CLANG_WARN_CONSTANT_CONVERSION = YES;
				CLANG_WARN_DEPRECATED_OBJC_IMPLEMENTATIONS = YES;
				CLANG_WARN_DIRECT_OBJC_ISA_USAGE = YES_ERROR;
				CLANG_WARN_DOCUMENTATION_COMMENTS = YES;
				CLANG_WARN_EMPTY_BODY = YES;
				CLANG_WARN_ENUM_CONVERSION = YES;
				CLANG_WARN_INFINITE_RECURSION = YES;
				CLANG_WARN_INT_CONVERSION = YES;
				CLANG_WARN_NON_LITERAL_NULL_CONVERSION = YES;
				CLANG_WARN_OBJC_IMPLICIT_RETAIN_SELF = YES;
				CLANG_WARN_OBJC_LITERAL_CONVERSION = YES;
				CLANG_WARN_OBJC_ROOT_CLASS = YES_ERROR;
				CLANG_WARN_RANGE_LOOP_ANALYSIS = YES;
				CLANG_WARN_STRICT_PROTOTYPES = YES;
				CLANG_WARN_SUSPICIOUS_MOVE = YES;
				CLANG_WARN_UNGUARDED_AVAILABILITY = YES_AGGRESSIVE;
				CLANG_WARN_UNREACHABLE_CODE = YES;
				CLANG_WARN__DUPLICATE_METHOD_MATCH = YES;
				CODE_SIGN_IDENTITY = "iPhone Developer";
				COPY_PHASE_STRIP = NO;
				DEBUG_INFORMATION_FORMAT = "dwarf-with-dsym";
				ENABLE_NS_ASSERTIONS = NO;
				ENABLE_STRICT_OBJC_MSGSEND = YES;
				GCC_C_LANGUAGE_STANDARD = gnu11;
				GCC_NO_COMMON_BLOCKS = YES;
				GCC_WARN_64_TO_32_BIT_CONVERSION = YES;
				GCC_WARN_ABOUT_RETURN_TYPE = YES_ERROR;
				GCC_WARN_UNDECLARED_SELECTOR = YES;
				GCC_WARN_UNINITIALIZED_AUTOS = YES_AGGRESSIVE;
				GCC_WARN_UNUSED_FUNCTION = YES;
				GCC_WARN_UNUSED_VARIABLE = YES;
				IPHONEOS_DEPLOYMENT_TARGET = 12.2;
				MTL_ENABLE_DEBUG_INFO = NO;
				MTL_FAST_MATH = YES;
				SDKROOT = iphoneos;
				SWIFT_COMPILATION_MODE = wholemodule;
				SWIFT_OPTIMIZATION_LEVEL = "-O";
				VALIDATE_PRODUCT = YES;
			};
			name = Release;
		};
		7EA5B72422D04AE200DDDFD0 /* Debug */ = {
			isa = XCBuildConfiguration;
			buildSettings = {
				ASSETCATALOG_COMPILER_APPICON_NAME = AppIcon;
				ASSETCATALOG_COMPILER_LAUNCHIMAGE_NAME = LaunchImage;
				CODE_SIGN_STYLE = Automatic;
				DEVELOPMENT_TEAM = 8AQ47Z9975;
				INFOPLIST_FILE = JJSinaWeibo/Info.plist;
				IPHONEOS_DEPLOYMENT_TARGET = 8.0;
				LD_RUNPATH_SEARCH_PATHS = (
					"$(inherited)",
					"@executable_path/Frameworks",
				);
				PRODUCT_BUNDLE_IDENTIFIER = Zhanjun;
				PRODUCT_NAME = "$(TARGET_NAME)";
				SWIFT_OBJC_BRIDGING_HEADER = JJSinaWeibo/Bridge.h;
				SWIFT_VERSION = 5.0;
				TARGETED_DEVICE_FAMILY = 1;
			};
			name = Debug;
		};
		7EA5B72522D04AE200DDDFD0 /* Release */ = {
			isa = XCBuildConfiguration;
			buildSettings = {
				ASSETCATALOG_COMPILER_APPICON_NAME = AppIcon;
				ASSETCATALOG_COMPILER_LAUNCHIMAGE_NAME = LaunchImage;
				CODE_SIGN_STYLE = Automatic;
				DEVELOPMENT_TEAM = 8AQ47Z9975;
				INFOPLIST_FILE = JJSinaWeibo/Info.plist;
				IPHONEOS_DEPLOYMENT_TARGET = 8.0;
				LD_RUNPATH_SEARCH_PATHS = (
					"$(inherited)",
					"@executable_path/Frameworks",
				);
				PRODUCT_BUNDLE_IDENTIFIER = Zhanjun;
				PRODUCT_NAME = "$(TARGET_NAME)";
				SWIFT_OBJC_BRIDGING_HEADER = JJSinaWeibo/Bridge.h;
				SWIFT_VERSION = 5.0;
				TARGETED_DEVICE_FAMILY = 1;
			};
			name = Release;
		};
/* End XCBuildConfiguration section */

/* Begin XCConfigurationList section */
		7EA5B70C22D04AE200DDDFD0 /* Build configuration list for PBXProject "JJSinaWeibo" */ = {
			isa = XCConfigurationList;
			buildConfigurations = (
				7EA5B72122D04AE200DDDFD0 /* Debug */,
				7EA5B72222D04AE200DDDFD0 /* Release */,
			);
			defaultConfigurationIsVisible = 0;
			defaultConfigurationName = Release;
		};
		7EA5B72322D04AE200DDDFD0 /* Build configuration list for PBXNativeTarget "JJSinaWeibo" */ = {
			isa = XCConfigurationList;
			buildConfigurations = (
				7EA5B72422D04AE200DDDFD0 /* Debug */,
				7EA5B72522D04AE200DDDFD0 /* Release */,
			);
			defaultConfigurationIsVisible = 0;
			defaultConfigurationName = Release;
		};
/* End XCConfigurationList section */
	};
	rootObject = 7EA5B70922D04AE200DDDFD0 /* Project object */;
}
